
Microsoft Visual Studio Solution File, Format Version 12.00
# Visual Studio Version 17
VisualStudioVersion = 17.0.31903.59
MinimumVisualStudioVersion = 10.0.40219.1
Project("{FAE04EC0-301F-11D3-BF4B-00C04F79EFBC}") = "GrabIt.Core", "GrabIt.Core\GrabIt.Core.csproj", "{BABCD70A-AABE-43C1-89C0-850B6542F288}"
EndProject
Project("{FAE04EC0-301F-11D3-BF4B-00C04F79EFBC}") = "GrabIt.Service", "GrabIt.Service\GrabIt.Service.csproj", "{566FEED3-4CB5-4BBA-B93B-DFD3A6EE0FC7}"
EndProject
Project("{FAE04EC0-301F-11D3-BF4B-00C04F79EFBC}") = "GrabIt.Controller", "GrabIt.Controller\GrabIt.Controller.csproj", "{80739929-FFE7-445D-8D8D-96870D47B811}"
EndProject
Project("{FAE04EC0-301F-11D3-BF4B-00C04F79EFBC}") = "GrabIt.Infrastructure", "GrabIt.Infrastructure\GrabIt.Infrastructure.csproj", "{C2D9FFDF-6E8D-49B2-8CC2-D753D2717BBB}"
EndProject
Project("{FAE04EC0-301F-11D3-BF4B-00C04F79EFBC}") = "GrabIt.Test", "GrabIt.Test\GrabIt.Test.csproj", "{53782D5C-AB5D-4284-A8B3-D19106990417}"
EndProject
Global
	GlobalSection(SolutionConfigurationPlatforms) = preSolution
		Debug|Any CPU = Debug|Any CPU
		Release|Any CPU = Release|Any CPU
	EndGlobalSection
	GlobalSection(SolutionProperties) = preSolution
		HideSolutionNode = FALSE
	EndGlobalSection
	GlobalSection(ProjectConfigurationPlatforms) = postSolution
		{BABCD70A-AABE-43C1-89C0-850B6542F288}.Debug|Any CPU.ActiveCfg = Debug|Any CPU
		{BABCD70A-AABE-43C1-89C0-850B6542F288}.Debug|Any CPU.Build.0 = Debug|Any CPU
		{BABCD70A-AABE-43C1-89C0-850B6542F288}.Release|Any CPU.ActiveCfg = Release|Any CPU
		{BABCD70A-AABE-43C1-89C0-850B6542F288}.Release|Any CPU.Build.0 = Release|Any CPU
		{566FEED3-4CB5-4BBA-B93B-DFD3A6EE0FC7}.Debug|Any CPU.ActiveCfg = Debug|Any CPU
		{566FEED3-4CB5-4BBA-B93B-DFD3A6EE0FC7}.Debug|Any CPU.Build.0 = Debug|Any CPU
		{566FEED3-4CB5-4BBA-B93B-DFD3A6EE0FC7}.Release|Any CPU.ActiveCfg = Release|Any CPU
		{566FEED3-4CB5-4BBA-B93B-DFD3A6EE0FC7}.Release|Any CPU.Build.0 = Release|Any CPU
		{80739929-FFE7-445D-8D8D-96870D47B811}.Debug|Any CPU.ActiveCfg = Debug|Any CPU
		{80739929-FFE7-445D-8D8D-96870D47B811}.Debug|Any CPU.Build.0 = Debug|Any CPU
		{80739929-FFE7-445D-8D8D-96870D47B811}.Release|Any CPU.ActiveCfg = Release|Any CPU
		{80739929-FFE7-445D-8D8D-96870D47B811}.Release|Any CPU.Build.0 = Release|Any CPU
		{C2D9FFDF-6E8D-49B2-8CC2-D753D2717BBB}.Debug|Any CPU.ActiveCfg = Debug|Any CPU
		{C2D9FFDF-6E8D-49B2-8CC2-D753D2717BBB}.Debug|Any CPU.Build.0 = Debug|Any CPU
		{C2D9FFDF-6E8D-49B2-8CC2-D753D2717BBB}.Release|Any CPU.ActiveCfg = Release|Any CPU
		{C2D9FFDF-6E8D-49B2-8CC2-D753D2717BBB}.Release|Any CPU.Build.0 = Release|Any CPU
		{53782D5C-AB5D-4284-A8B3-D19106990417}.Debug|Any CPU.ActiveCfg = Debug|Any CPU
		{53782D5C-AB5D-4284-A8B3-D19106990417}.Debug|Any CPU.Build.0 = Debug|Any CPU
		{53782D5C-AB5D-4284-A8B3-D19106990417}.Release|Any CPU.ActiveCfg = Release|Any CPU
		{53782D5C-AB5D-4284-A8B3-D19106990417}.Release|Any CPU.Build.0 = Release|Any CPU
	EndGlobalSection
EndGlobal
